
Microsoft Visual Studio Solution File, Format Version 12.00
# Visual Studio 16
Project("{FAE04EC0-301F-11D3-BF4B-00C04F79EFBC}") = "Assembly-CSharp", "Assembly-CSharp.csproj", "{436AB233-1F67-A9DE-F141-7292C178FE2B}"
EndProject
Project("{FAE04EC0-301F-11D3-BF4B-00C04F79EFBC}") = "Assembly-CSharp-Editor", "Assembly-CSharp-Editor.csproj", "{4C2F8E86-1AF4-7E2B-6F56-26CBD55546E5}"
EndProject
Global
	GlobalSection(SolutionConfigurationPlatforms) = preSolution
		Debug|Any CPU = Debug|Any CPU
		Release|Any CPU = Release|Any CPU
	EndGlobalSection
	GlobalSection(ProjectConfigurationPlatforms) = postSolution
		{436AB233-1F67-A9DE-F141-7292C178FE2B}.Debug|Any CPU.ActiveCfg = Debug|Any CPU
		{436AB233-1F67-A9DE-F141-7292C178FE2B}.Debug|Any CPU.Build.0 = Debug|Any CPU
		{436AB233-1F67-A9DE-F141-7292C178FE2B}.Release|Any CPU.ActiveCfg = Release|Any CPU
		{436AB233-1F67-A9DE-F141-7292C178FE2B}.Release|Any CPU.Build.0 = Release|Any CPU
		{4C2F8E86-1AF4-7E2B-6F56-26CBD55546E5}.Debug|Any CPU.ActiveCfg = Debug|Any CPU
		{4C2F8E86-1AF4-7E2B-6F56-26CBD55546E5}.Debug|Any CPU.Build.0 = Debug|Any CPU
		{4C2F8E86-1AF4-7E2B-6F56-26CBD55546E5}.Release|Any CPU.ActiveCfg = Release|Any CPU
		{4C2F8E86-1AF4-7E2B-6F56-26CBD55546E5}.Release|Any CPU.Build.0 = Release|Any CPU
	EndGlobalSection
	GlobalSection(SolutionProperties) = preSolution
		HideSolutionNode = FALSE
	EndGlobalSection
EndGlobal
